// !$*UTF8*$!
{
	archiveVersion = 1;
	classes = {
	};
	objectVersion = 55;
	objects = {

/* Begin PBXBuildFile section */
		18911C10376E3FC3A2A999A9 /* Pods_CarbonTaskTests.framework in Frameworks */ = {isa = PBXBuildFile; fileRef = 733FF038DDFCCBA5959453D6 /* Pods_CarbonTaskTests.framework */; };
		2FFF0CA08D762241262B2F74 /* Pods_CarbonTask_CarbonTaskUITests.framework in Frameworks */ = {isa = PBXBuildFile; fileRef = FBDCC74E45503E286BC45C4D /* Pods_CarbonTask_CarbonTaskUITests.framework */; };
		6310FE68A9525E9BCE1FAEB4 /* Pods_CarbonTask.framework in Frameworks */ = {isa = PBXBuildFile; fileRef = 487368BDF6231432093A283E /* Pods_CarbonTask.framework */; };
		B4E2EB8627C04C0B00D628F3 /* Service.swift in Sources */ = {isa = PBXBuildFile; fileRef = B4E2EB8527C04C0B00D628F3 /* Service.swift */; };
		B4E2EB8827C0E41A00D628F3 /* BaseTabBarController.swift in Sources */ = {isa = PBXBuildFile; fileRef = B4E2EB8727C0E41A00D628F3 /* BaseTabBarController.swift */; };
		B4E2EB8A27C0EA6400D628F3 /* AppColorsConstants.swift in Sources */ = {isa = PBXBuildFile; fileRef = B4E2EB8927C0EA6400D628F3 /* AppColorsConstants.swift */; };
		B4E2EB8D27C0EFD600D628F3 /* MoviesSearchViewController.swift in Sources */ = {isa = PBXBuildFile; fileRef = B4E2EB8C27C0EFD600D628F3 /* MoviesSearchViewController.swift */; };
		B4E2EB9027C11C9F00D628F3 /* NetworkConstants.swift in Sources */ = {isa = PBXBuildFile; fileRef = B4E2EB8F27C11C9F00D628F3 /* NetworkConstants.swift */; };
		B4E2EB9327C1389D00D628F3 /* AllBatmanMoviesViewModel.swift in Sources */ = {isa = PBXBuildFile; fileRef = B4E2EB9227C1389D00D628F3 /* AllBatmanMoviesViewModel.swift */; };
		B4F66DFA27BEE45600384308 /* AppDelegate.swift in Sources */ = {isa = PBXBuildFile; fileRef = B4F66DF927BEE45600384308 /* AppDelegate.swift */; };
		B4F66DFC27BEE45600384308 /* SceneDelegate.swift in Sources */ = {isa = PBXBuildFile; fileRef = B4F66DFB27BEE45600384308 /* SceneDelegate.swift */; };
		B4F66DFE27BEE45600384308 /* ViewController.swift in Sources */ = {isa = PBXBuildFile; fileRef = B4F66DFD27BEE45600384308 /* ViewController.swift */; };
		B4F66E0127BEE45600384308 /* Main.storyboard in Resources */ = {isa = PBXBuildFile; fileRef = B4F66DFF27BEE45600384308 /* Main.storyboard */; };
		B4F66E0327BEE45800384308 /* Assets.xcassets in Resources */ = {isa = PBXBuildFile; fileRef = B4F66E0227BEE45800384308 /* Assets.xcassets */; };
		B4F66E0627BEE45800384308 /* LaunchScreen.storyboard in Resources */ = {isa = PBXBuildFile; fileRef = B4F66E0427BEE45800384308 /* LaunchScreen.storyboard */; };
		B4F66E1127BEE45800384308 /* CarbonTaskTests.swift in Sources */ = {isa = PBXBuildFile; fileRef = B4F66E1027BEE45800384308 /* CarbonTaskTests.swift */; };
		B4F66E1B27BEE45800384308 /* CarbonTaskUITests.swift in Sources */ = {isa = PBXBuildFile; fileRef = B4F66E1A27BEE45800384308 /* CarbonTaskUITests.swift */; };
		B4F66E1D27BEE45800384308 /* CarbonTaskUITestsLaunchTests.swift in Sources */ = {isa = PBXBuildFile; fileRef = B4F66E1C27BEE45800384308 /* CarbonTaskUITestsLaunchTests.swift */; };
		B4F66E2B27BEEA5D00384308 /* Movie.swift in Sources */ = {isa = PBXBuildFile; fileRef = B4F66E2A27BEEA5D00384308 /* Movie.swift */; };
		B4F66E2E27BEF1AD00384308 /* ApiManager.swift in Sources */ = {isa = PBXBuildFile; fileRef = B4F66E2D27BEF1AD00384308 /* ApiManager.swift */; };
		B4F66E3227BF0BFE00384308 /* MoviesViewController.swift in Sources */ = {isa = PBXBuildFile; fileRef = B4F66E3127BF0BFE00384308 /* MoviesViewController.swift */; };
		B4F66E3427BF14C000384308 /* MoviesCollectionViewCell.swift in Sources */ = {isa = PBXBuildFile; fileRef = B4F66E3327BF14C000384308 /* MoviesCollectionViewCell.swift */; };
		B4F66E3C27BF187C00384308 /* UIImageView+Extensions.swift in Sources */ = {isa = PBXBuildFile; fileRef = B4F66E3727BF187C00384308 /* UIImageView+Extensions.swift */; };
		B4F66E3D27BF187C00384308 /* UIImage+Extensions.swift in Sources */ = {isa = PBXBuildFile; fileRef = B4F66E3827BF187C00384308 /* UIImage+Extensions.swift */; };
		B4F66E3E27BF187C00384308 /* UIView+Layout.swift in Sources */ = {isa = PBXBuildFile; fileRef = B4F66E3927BF187C00384308 /* UIView+Layout.swift */; };
		B4F66E3F27BF187C00384308 /* VerticalStackView.swift in Sources */ = {isa = PBXBuildFile; fileRef = B4F66E3A27BF187C00384308 /* VerticalStackView.swift */; };
		B4F66E4027BF187C00384308 /* LayoutConstraint.swift in Sources */ = {isa = PBXBuildFile; fileRef = B4F66E3B27BF187C00384308 /* LayoutConstraint.swift */; };
/* End PBXBuildFile section */

/* Begin PBXContainerItemProxy section */
		B4F66E0D27BEE45800384308 /* PBXContainerItemProxy */ = {
			isa = PBXContainerItemProxy;
			containerPortal = B4F66DEE27BEE45600384308 /* Project object */;
			proxyType = 1;
			remoteGlobalIDString = B4F66DF527BEE45600384308;
			remoteInfo = CarbonTask;
		};
		B4F66E1727BEE45800384308 /* PBXContainerItemProxy */ = {
			isa = PBXContainerItemProxy;
			containerPortal = B4F66DEE27BEE45600384308 /* Project object */;
			proxyType = 1;
			remoteGlobalIDString = B4F66DF527BEE45600384308;
			remoteInfo = CarbonTask;
		};
/* End PBXContainerItemProxy section */

/* Begin PBXFileReference section */
		487368BDF6231432093A283E /* Pods_CarbonTask.framework */ = {isa = PBXFileReference; explicitFileType = wrapper.framework; includeInIndex = 0; path = Pods_CarbonTask.framework; sourceTree = BUILT_PRODUCTS_DIR; };
		6C8BDCA9CFC64C7CB7C3E66E /* Pods-CarbonTaskTests.release.xcconfig */ = {isa = PBXFileReference; includeInIndex = 1; lastKnownFileType = text.xcconfig; name = "Pods-CarbonTaskTests.release.xcconfig"; path = "Target Support Files/Pods-CarbonTaskTests/Pods-CarbonTaskTests.release.xcconfig"; sourceTree = "<group>"; };
		733FF038DDFCCBA5959453D6 /* Pods_CarbonTaskTests.framework */ = {isa = PBXFileReference; explicitFileType = wrapper.framework; includeInIndex = 0; path = Pods_CarbonTaskTests.framework; sourceTree = BUILT_PRODUCTS_DIR; };
		B4E2EB8527C04C0B00D628F3 /* Service.swift */ = {isa = PBXFileReference; lastKnownFileType = sourcecode.swift; path = Service.swift; sourceTree = "<group>"; };
		B4E2EB8727C0E41A00D628F3 /* BaseTabBarController.swift */ = {isa = PBXFileReference; lastKnownFileType = sourcecode.swift; path = BaseTabBarController.swift; sourceTree = "<group>"; };
		B4E2EB8927C0EA6400D628F3 /* AppColorsConstants.swift */ = {isa = PBXFileReference; lastKnownFileType = sourcecode.swift; path = AppColorsConstants.swift; sourceTree = "<group>"; };
		B4E2EB8C27C0EFD600D628F3 /* MoviesSearchViewController.swift */ = {isa = PBXFileReference; lastKnownFileType = sourcecode.swift; path = MoviesSearchViewController.swift; sourceTree = "<group>"; };
		B4E2EB8F27C11C9F00D628F3 /* NetworkConstants.swift */ = {isa = PBXFileReference; lastKnownFileType = sourcecode.swift; path = NetworkConstants.swift; sourceTree = "<group>"; };
		B4E2EB9227C1389D00D628F3 /* AllBatmanMoviesViewModel.swift */ = {isa = PBXFileReference; lastKnownFileType = sourcecode.swift; path = AllBatmanMoviesViewModel.swift; sourceTree = "<group>"; };
		B4F66DF627BEE45600384308 /* CarbonTask.app */ = {isa = PBXFileReference; explicitFileType = wrapper.application; includeInIndex = 0; path = CarbonTask.app; sourceTree = BUILT_PRODUCTS_DIR; };
		B4F66DF927BEE45600384308 /* AppDelegate.swift */ = {isa = PBXFileReference; lastKnownFileType = sourcecode.swift; path = AppDelegate.swift; sourceTree = "<group>"; };
		B4F66DFB27BEE45600384308 /* SceneDelegate.swift */ = {isa = PBXFileReference; lastKnownFileType = sourcecode.swift; path = SceneDelegate.swift; sourceTree = "<group>"; };
		B4F66DFD27BEE45600384308 /* ViewController.swift */ = {isa = PBXFileReference; lastKnownFileType = sourcecode.swift; path = ViewController.swift; sourceTree = "<group>"; };
		B4F66E0027BEE45600384308 /* Base */ = {isa = PBXFileReference; lastKnownFileType = file.storyboard; name = Base; path = Base.lproj/Main.storyboard; sourceTree = "<group>"; };
		B4F66E0227BEE45800384308 /* Assets.xcassets */ = {isa = PBXFileReference; lastKnownFileType = folder.assetcatalog; path = Assets.xcassets; sourceTree = "<group>"; };
		B4F66E0527BEE45800384308 /* Base */ = {isa = PBXFileReference; lastKnownFileType = file.storyboard; name = Base; path = Base.lproj/LaunchScreen.storyboard; sourceTree = "<group>"; };
		B4F66E0727BEE45800384308 /* Info.plist */ = {isa = PBXFileReference; lastKnownFileType = text.plist.xml; path = Info.plist; sourceTree = "<group>"; };
		B4F66E0C27BEE45800384308 /* CarbonTaskTests.xctest */ = {isa = PBXFileReference; explicitFileType = wrapper.cfbundle; includeInIndex = 0; path = CarbonTaskTests.xctest; sourceTree = BUILT_PRODUCTS_DIR; };
		B4F66E1027BEE45800384308 /* CarbonTaskTests.swift */ = {isa = PBXFileReference; lastKnownFileType = sourcecode.swift; path = CarbonTaskTests.swift; sourceTree = "<group>"; };
		B4F66E1627BEE45800384308 /* CarbonTaskUITests.xctest */ = {isa = PBXFileReference; explicitFileType = wrapper.cfbundle; includeInIndex = 0; path = CarbonTaskUITests.xctest; sourceTree = BUILT_PRODUCTS_DIR; };
		B4F66E1A27BEE45800384308 /* CarbonTaskUITests.swift */ = {isa = PBXFileReference; lastKnownFileType = sourcecode.swift; path = CarbonTaskUITests.swift; sourceTree = "<group>"; };
		B4F66E1C27BEE45800384308 /* CarbonTaskUITestsLaunchTests.swift */ = {isa = PBXFileReference; lastKnownFileType = sourcecode.swift; path = CarbonTaskUITestsLaunchTests.swift; sourceTree = "<group>"; };
		B4F66E2A27BEEA5D00384308 /* Movie.swift */ = {isa = PBXFileReference; lastKnownFileType = sourcecode.swift; path = Movie.swift; sourceTree = "<group>"; };
		B4F66E2D27BEF1AD00384308 /* ApiManager.swift */ = {isa = PBXFileReference; lastKnownFileType = sourcecode.swift; path = ApiManager.swift; sourceTree = "<group>"; };
		B4F66E3127BF0BFE00384308 /* MoviesViewController.swift */ = {isa = PBXFileReference; lastKnownFileType = sourcecode.swift; path = MoviesViewController.swift; sourceTree = "<group>"; };
		B4F66E3327BF14C000384308 /* MoviesCollectionViewCell.swift */ = {isa = PBXFileReference; lastKnownFileType = sourcecode.swift; path = MoviesCollectionViewCell.swift; sourceTree = "<group>"; };
		B4F66E3727BF187C00384308 /* UIImageView+Extensions.swift */ = {isa = PBXFileReference; fileEncoding = 4; lastKnownFileType = sourcecode.swift; path = "UIImageView+Extensions.swift"; sourceTree = "<group>"; };
		B4F66E3827BF187C00384308 /* UIImage+Extensions.swift */ = {isa = PBXFileReference; fileEncoding = 4; lastKnownFileType = sourcecode.swift; path = "UIImage+Extensions.swift"; sourceTree = "<group>"; };
		B4F66E3927BF187C00384308 /* UIView+Layout.swift */ = {isa = PBXFileReference; fileEncoding = 4; lastKnownFileType = sourcecode.swift; path = "UIView+Layout.swift"; sourceTree = "<group>"; };
		B4F66E3A27BF187C00384308 /* VerticalStackView.swift */ = {isa = PBXFileReference; fileEncoding = 4; lastKnownFileType = sourcecode.swift; path = VerticalStackView.swift; sourceTree = "<group>"; };
		B4F66E3B27BF187C00384308 /* LayoutConstraint.swift */ = {isa = PBXFileReference; fileEncoding = 4; lastKnownFileType = sourcecode.swift; path = LayoutConstraint.swift; sourceTree = "<group>"; };
		C3839B947373F0132E7E62BF /* Pods-CarbonTask.debug.xcconfig */ = {isa = PBXFileReference; includeInIndex = 1; lastKnownFileType = text.xcconfig; name = "Pods-CarbonTask.debug.xcconfig"; path = "Target Support Files/Pods-CarbonTask/Pods-CarbonTask.debug.xcconfig"; sourceTree = "<group>"; };
		D40B68B04F13B0EC70BBF9A8 /* Pods-CarbonTask-CarbonTaskUITests.debug.xcconfig */ = {isa = PBXFileReference; includeInIndex = 1; lastKnownFileType = text.xcconfig; name = "Pods-CarbonTask-CarbonTaskUITests.debug.xcconfig"; path = "Target Support Files/Pods-CarbonTask-CarbonTaskUITests/Pods-CarbonTask-CarbonTaskUITests.debug.xcconfig"; sourceTree = "<group>"; };
		D51F4CCD4B72301B0E9CF0C4 /* Pods-CarbonTask.release.xcconfig */ = {isa = PBXFileReference; includeInIndex = 1; lastKnownFileType = text.xcconfig; name = "Pods-CarbonTask.release.xcconfig"; path = "Target Support Files/Pods-CarbonTask/Pods-CarbonTask.release.xcconfig"; sourceTree = "<group>"; };
		F2B8276FC165072BE997709D /* Pods-CarbonTask-CarbonTaskUITests.release.xcconfig */ = {isa = PBXFileReference; includeInIndex = 1; lastKnownFileType = text.xcconfig; name = "Pods-CarbonTask-CarbonTaskUITests.release.xcconfig"; path = "Target Support Files/Pods-CarbonTask-CarbonTaskUITests/Pods-CarbonTask-CarbonTaskUITests.release.xcconfig"; sourceTree = "<group>"; };
		FBDCC74E45503E286BC45C4D /* Pods_CarbonTask_CarbonTaskUITests.framework */ = {isa = PBXFileReference; explicitFileType = wrapper.framework; includeInIndex = 0; path = Pods_CarbonTask_CarbonTaskUITests.framework; sourceTree = BUILT_PRODUCTS_DIR; };
		FF9896CD111C30189B585AA0 /* Pods-CarbonTaskTests.debug.xcconfig */ = {isa = PBXFileReference; includeInIndex = 1; lastKnownFileType = text.xcconfig; name = "Pods-CarbonTaskTests.debug.xcconfig"; path = "Target Support Files/Pods-CarbonTaskTests/Pods-CarbonTaskTests.debug.xcconfig"; sourceTree = "<group>"; };
/* End PBXFileReference section */

/* Begin PBXFrameworksBuildPhase section */
		B4F66DF327BEE45600384308 /* Frameworks */ = {
			isa = PBXFrameworksBuildPhase;
			buildActionMask = 2147483647;
			files = (
				6310FE68A9525E9BCE1FAEB4 /* Pods_CarbonTask.framework in Frameworks */,
			);
			runOnlyForDeploymentPostprocessing = 0;
		};
		B4F66E0927BEE45800384308 /* Frameworks */ = {
			isa = PBXFrameworksBuildPhase;
			buildActionMask = 2147483647;
			files = (
				18911C10376E3FC3A2A999A9 /* Pods_CarbonTaskTests.framework in Frameworks */,
			);
			runOnlyForDeploymentPostprocessing = 0;
		};
		B4F66E1327BEE45800384308 /* Frameworks */ = {
			isa = PBXFrameworksBuildPhase;
			buildActionMask = 2147483647;
			files = (
				2FFF0CA08D762241262B2F74 /* Pods_CarbonTask_CarbonTaskUITests.framework in Frameworks */,
			);
			runOnlyForDeploymentPostprocessing = 0;
		};
/* End PBXFrameworksBuildPhase section */

/* Begin PBXGroup section */
		42DF93DC00F14B9A1F88F1BD /* Frameworks */ = {
			isa = PBXGroup;
			children = (
				487368BDF6231432093A283E /* Pods_CarbonTask.framework */,
				FBDCC74E45503E286BC45C4D /* Pods_CarbonTask_CarbonTaskUITests.framework */,
				733FF038DDFCCBA5959453D6 /* Pods_CarbonTaskTests.framework */,
			);
			name = Frameworks;
			sourceTree = "<group>";
		};
		A03EF50EA9BB03D7AE3271D1 /* Pods */ = {
			isa = PBXGroup;
			children = (
				C3839B947373F0132E7E62BF /* Pods-CarbonTask.debug.xcconfig */,
				D51F4CCD4B72301B0E9CF0C4 /* Pods-CarbonTask.release.xcconfig */,
				D40B68B04F13B0EC70BBF9A8 /* Pods-CarbonTask-CarbonTaskUITests.debug.xcconfig */,
				F2B8276FC165072BE997709D /* Pods-CarbonTask-CarbonTaskUITests.release.xcconfig */,
				FF9896CD111C30189B585AA0 /* Pods-CarbonTaskTests.debug.xcconfig */,
				6C8BDCA9CFC64C7CB7C3E66E /* Pods-CarbonTaskTests.release.xcconfig */,
			);
			path = Pods;
			sourceTree = "<group>";
		};
		B4E2EB8E27C11C6F00D628F3 /* Shared */ = {
			isa = PBXGroup;
			children = (
				B4E2EB8F27C11C9F00D628F3 /* NetworkConstants.swift */,
			);
			path = Shared;
			sourceTree = "<group>";
		};
		B4E2EB9127C1387000D628F3 /* ViewModels */ = {
			isa = PBXGroup;
			children = (
				B4E2EB9227C1389D00D628F3 /* AllBatmanMoviesViewModel.swift */,
			);
			path = ViewModels;
			sourceTree = "<group>";
		};
		B4F66DED27BEE45600384308 = {
			isa = PBXGroup;
			children = (
				B4F66DF827BEE45600384308 /* CarbonTask */,
				B4F66E0F27BEE45800384308 /* CarbonTaskTests */,
				B4F66E1927BEE45800384308 /* CarbonTaskUITests */,
				B4F66DF727BEE45600384308 /* Products */,
				A03EF50EA9BB03D7AE3271D1 /* Pods */,
				42DF93DC00F14B9A1F88F1BD /* Frameworks */,
			);
			sourceTree = "<group>";
		};
		B4F66DF727BEE45600384308 /* Products */ = {
			isa = PBXGroup;
			children = (
				B4F66DF627BEE45600384308 /* CarbonTask.app */,
				B4F66E0C27BEE45800384308 /* CarbonTaskTests.xctest */,
				B4F66E1627BEE45800384308 /* CarbonTaskUITests.xctest */,
			);
			name = Products;
			sourceTree = "<group>";
		};
		B4F66DF827BEE45600384308 /* CarbonTask */ = {
			isa = PBXGroup;
			children = (
				B4E2EB9127C1387000D628F3 /* ViewModels */,
				B4E2EB8E27C11C6F00D628F3 /* Shared */,
				B4E2EB8927C0EA6400D628F3 /* AppColorsConstants.swift */,
				B4F66E3527BF17F800384308 /* Helpers */,
				B4F66E3627BF187C00384308 /* Helpers */,
				B4F66E3027BF0BC900384308 /* Controllers */,
				B4F66E2F27BF0B9200384308 /* Views */,
				B4F66E2C27BEF15A00384308 /* API */,
				B4F66E2927BEEA3E00384308 /* Models */,
				B4F66DF927BEE45600384308 /* AppDelegate.swift */,
				B4F66DFB27BEE45600384308 /* SceneDelegate.swift */,
				B4F66DFD27BEE45600384308 /* ViewController.swift */,
				B4F66DFF27BEE45600384308 /* Main.storyboard */,
				B4F66E0227BEE45800384308 /* Assets.xcassets */,
				B4F66E0427BEE45800384308 /* LaunchScreen.storyboard */,
				B4F66E0727BEE45800384308 /* Info.plist */,
			);
			path = CarbonTask;
			sourceTree = "<group>";
		};
		B4F66E0F27BEE45800384308 /* CarbonTaskTests */ = {
			isa = PBXGroup;
			children = (
				B4F66E1027BEE45800384308 /* CarbonTaskTests.swift */,
			);
			path = CarbonTaskTests;
			sourceTree = "<group>";
		};
		B4F66E1927BEE45800384308 /* CarbonTaskUITests */ = {
			isa = PBXGroup;
			children = (
				B4F66E1A27BEE45800384308 /* CarbonTaskUITests.swift */,
				B4F66E1C27BEE45800384308 /* CarbonTaskUITestsLaunchTests.swift */,
			);
			path = CarbonTaskUITests;
			sourceTree = "<group>";
		};
		B4F66E2927BEEA3E00384308 /* Models */ = {
			isa = PBXGroup;
			children = (
				B4F66E2A27BEEA5D00384308 /* Movie.swift */,
			);
			path = Models;
			sourceTree = "<group>";
		};
		B4F66E2C27BEF15A00384308 /* API */ = {
			isa = PBXGroup;
			children = (
				B4F66E2D27BEF1AD00384308 /* ApiManager.swift */,
				B4E2EB8527C04C0B00D628F3 /* Service.swift */,
			);
			path = API;
			sourceTree = "<group>";
		};
		B4F66E2F27BF0B9200384308 /* Views */ = {
			isa = PBXGroup;
			children = (
				B4F66E3327BF14C000384308 /* MoviesCollectionViewCell.swift */,
			);
			path = Views;
			sourceTree = "<group>";
		};
		B4F66E3027BF0BC900384308 /* Controllers */ = {
			isa = PBXGroup;
			children = (
				B4F66E3127BF0BFE00384308 /* MoviesViewController.swift */,
				B4E2EB8727C0E41A00D628F3 /* BaseTabBarController.swift */,
				B4E2EB8C27C0EFD600D628F3 /* MoviesSearchViewController.swift */,
			);
			path = Controllers;
			sourceTree = "<group>";
		};
		B4F66E3527BF17F800384308 /* Helpers */ = {
			isa = PBXGroup;
			children = (
			);
			path = Helpers;
			sourceTree = "<group>";
		};
		B4F66E3627BF187C00384308 /* Helpers */ = {
			isa = PBXGroup;
			children = (
				B4F66E3727BF187C00384308 /* UIImageView+Extensions.swift */,
				B4F66E3827BF187C00384308 /* UIImage+Extensions.swift */,
				B4F66E3927BF187C00384308 /* UIView+Layout.swift */,
				B4F66E3A27BF187C00384308 /* VerticalStackView.swift */,
				B4F66E3B27BF187C00384308 /* LayoutConstraint.swift */,
			);
			name = Helpers;
			path = Helpers/Helpers;
			sourceTree = "<group>";
		};
/* End PBXGroup section */

/* Begin PBXNativeTarget section */
		B4F66DF527BEE45600384308 /* CarbonTask */ = {
			isa = PBXNativeTarget;
			buildConfigurationList = B4F66E2027BEE45800384308 /* Build configuration list for PBXNativeTarget "CarbonTask" */;
			buildPhases = (
				62841D2CCBB0AF97B639493E /* [CP] Check Pods Manifest.lock */,
				B4F66DF227BEE45600384308 /* Sources */,
				B4F66DF327BEE45600384308 /* Frameworks */,
				B4F66DF427BEE45600384308 /* Resources */,
				2B16D6F56B532237365BF1B3 /* [CP] Embed Pods Frameworks */,
			);
			buildRules = (
			);
			dependencies = (
			);
			name = CarbonTask;
			productName = CarbonTask;
			productReference = B4F66DF627BEE45600384308 /* CarbonTask.app */;
			productType = "com.apple.product-type.application";
		};
		B4F66E0B27BEE45800384308 /* CarbonTaskTests */ = {
			isa = PBXNativeTarget;
			buildConfigurationList = B4F66E2327BEE45800384308 /* Build configuration list for PBXNativeTarget "CarbonTaskTests" */;
			buildPhases = (
				4EE6632E19C5D3C3FB97ED62 /* [CP] Check Pods Manifest.lock */,
				B4F66E0827BEE45800384308 /* Sources */,
				B4F66E0927BEE45800384308 /* Frameworks */,
				B4F66E0A27BEE45800384308 /* Resources */,
			);
			buildRules = (
			);
			dependencies = (
				B4F66E0E27BEE45800384308 /* PBXTargetDependency */,
			);
			name = CarbonTaskTests;
			productName = CarbonTaskTests;
			productReference = B4F66E0C27BEE45800384308 /* CarbonTaskTests.xctest */;
			productType = "com.apple.product-type.bundle.unit-test";
		};
		B4F66E1527BEE45800384308 /* CarbonTaskUITests */ = {
			isa = PBXNativeTarget;
			buildConfigurationList = B4F66E2627BEE45800384308 /* Build configuration list for PBXNativeTarget "CarbonTaskUITests" */;
			buildPhases = (
				72428EF9432BB57944E25598 /* [CP] Check Pods Manifest.lock */,
				B4F66E1227BEE45800384308 /* Sources */,
				B4F66E1327BEE45800384308 /* Frameworks */,
				B4F66E1427BEE45800384308 /* Resources */,
				30E87EEFA7C26F109468CD5A /* [CP] Embed Pods Frameworks */,
			);
			buildRules = (
			);
			dependencies = (
				B4F66E1827BEE45800384308 /* PBXTargetDependency */,
			);
			name = CarbonTaskUITests;
			productName = CarbonTaskUITests;
			productReference = B4F66E1627BEE45800384308 /* CarbonTaskUITests.xctest */;
			productType = "com.apple.product-type.bundle.ui-testing";
		};
/* End PBXNativeTarget section */

/* Begin PBXProject section */
		B4F66DEE27BEE45600384308 /* Project object */ = {
			isa = PBXProject;
			attributes = {
				BuildIndependentTargetsInParallel = 1;
				LastSwiftUpdateCheck = 1310;
				LastUpgradeCheck = 1310;
				TargetAttributes = {
					B4F66DF527BEE45600384308 = {
						CreatedOnToolsVersion = 13.1;
					};
					B4F66E0B27BEE45800384308 = {
						CreatedOnToolsVersion = 13.1;
						TestTargetID = B4F66DF527BEE45600384308;
					};
					B4F66E1527BEE45800384308 = {
						CreatedOnToolsVersion = 13.1;
						TestTargetID = B4F66DF527BEE45600384308;
					};
				};
			};
			buildConfigurationList = B4F66DF127BEE45600384308 /* Build configuration list for PBXProject "CarbonTask" */;
			compatibilityVersion = "Xcode 13.0";
			developmentRegion = en;
			hasScannedForEncodings = 0;
			knownRegions = (
				en,
				Base,
			);
			mainGroup = B4F66DED27BEE45600384308;
			productRefGroup = B4F66DF727BEE45600384308 /* Products */;
			projectDirPath = "";
			projectRoot = "";
			targets = (
				B4F66DF527BEE45600384308 /* CarbonTask */,
				B4F66E0B27BEE45800384308 /* CarbonTaskTests */,
				B4F66E1527BEE45800384308 /* CarbonTaskUITests */,
			);
		};
/* End PBXProject section */

/* Begin PBXResourcesBuildPhase section */
		B4F66DF427BEE45600384308 /* Resources */ = {
			isa = PBXResourcesBuildPhase;
			buildActionMask = 2147483647;
			files = (
				B4F66E0627BEE45800384308 /* LaunchScreen.storyboard in Resources */,
				B4F66E0327BEE45800384308 /* Assets.xcassets in Resources */,
				B4F66E0127BEE45600384308 /* Main.storyboard in Resources */,
			);
			runOnlyForDeploymentPostprocessing = 0;
		};
		B4F66E0A27BEE45800384308 /* Resources */ = {
			isa = PBXResourcesBuildPhase;
			buildActionMask = 2147483647;
			files = (
			);
			runOnlyForDeploymentPostprocessing = 0;
		};
		B4F66E1427BEE45800384308 /* Resources */ = {
			isa = PBXResourcesBuildPhase;
			buildActionMask = 2147483647;
			files = (
			);
			runOnlyForDeploymentPostprocessing = 0;
		};
/* End PBXResourcesBuildPhase section */

/* Begin PBXShellScriptBuildPhase section */
		2B16D6F56B532237365BF1B3 /* [CP] Embed Pods Frameworks */ = {
			isa = PBXShellScriptBuildPhase;
			buildActionMask = 2147483647;
			files = (
			);
			inputFileListPaths = (
				"${PODS_ROOT}/Target Support Files/Pods-CarbonTask/Pods-CarbonTask-frameworks-${CONFIGURATION}-input-files.xcfilelist",
			);
			name = "[CP] Embed Pods Frameworks";
			outputFileListPaths = (
				"${PODS_ROOT}/Target Support Files/Pods-CarbonTask/Pods-CarbonTask-frameworks-${CONFIGURATION}-output-files.xcfilelist",
			);
			runOnlyForDeploymentPostprocessing = 0;
			shellPath = /bin/sh;
			shellScript = "\"${PODS_ROOT}/Target Support Files/Pods-CarbonTask/Pods-CarbonTask-frameworks.sh\"\n";
			showEnvVarsInLog = 0;
		};
		30E87EEFA7C26F109468CD5A /* [CP] Embed Pods Frameworks */ = {
			isa = PBXShellScriptBuildPhase;
			buildActionMask = 2147483647;
			files = (
			);
			inputFileListPaths = (
				"${PODS_ROOT}/Target Support Files/Pods-CarbonTask-CarbonTaskUITests/Pods-CarbonTask-CarbonTaskUITests-frameworks-${CONFIGURATION}-input-files.xcfilelist",
			);
			name = "[CP] Embed Pods Frameworks";
			outputFileListPaths = (
				"${PODS_ROOT}/Target Support Files/Pods-CarbonTask-CarbonTaskUITests/Pods-CarbonTask-CarbonTaskUITests-frameworks-${CONFIGURATION}-output-files.xcfilelist",
			);
			runOnlyForDeploymentPostprocessing = 0;
			shellPath = /bin/sh;
			shellScript = "\"${PODS_ROOT}/Target Support Files/Pods-CarbonTask-CarbonTaskUITests/Pods-CarbonTask-CarbonTaskUITests-frameworks.sh\"\n";
			showEnvVarsInLog = 0;
		};
		4EE6632E19C5D3C3FB97ED62 /* [CP] Check Pods Manifest.lock */ = {
			isa = PBXShellScriptBuildPhase;
			buildActionMask = 2147483647;
			files = (
			);
			inputFileListPaths = (
			);
			inputPaths = (
				"${PODS_PODFILE_DIR_PATH}/Podfile.lock",
				"${PODS_ROOT}/Manifest.lock",
			);
			name = "[CP] Check Pods Manifest.lock";
			outputFileListPaths = (
			);
			outputPaths = (
				"$(DERIVED_FILE_DIR)/Pods-CarbonTaskTests-checkManifestLockResult.txt",
			);
			runOnlyForDeploymentPostprocessing = 0;
			shellPath = /bin/sh;
			shellScript = "diff \"${PODS_PODFILE_DIR_PATH}/Podfile.lock\" \"${PODS_ROOT}/Manifest.lock\" > /dev/null\nif [ $? != 0 ] ; then\n    # print error to STDERR\n    echo \"error: The sandbox is not in sync with the Podfile.lock. Run 'pod install' or update your CocoaPods installation.\" >&2\n    exit 1\nfi\n# This output is used by Xcode 'outputs' to avoid re-running this script phase.\necho \"SUCCESS\" > \"${SCRIPT_OUTPUT_FILE_0}\"\n";
			showEnvVarsInLog = 0;
		};
		62841D2CCBB0AF97B639493E /* [CP] Check Pods Manifest.lock */ = {
			isa = PBXShellScriptBuildPhase;
			buildActionMask = 2147483647;
			files = (
			);
			inputFileListPaths = (
			);
			inputPaths = (
				"${PODS_PODFILE_DIR_PATH}/Podfile.lock",
				"${PODS_ROOT}/Manifest.lock",
			);
			name = "[CP] Check Pods Manifest.lock";
			outputFileListPaths = (
			);
			outputPaths = (
				"$(DERIVED_FILE_DIR)/Pods-CarbonTask-checkManifestLockResult.txt",
			);
			runOnlyForDeploymentPostprocessing = 0;
			shellPath = /bin/sh;
			shellScript = "diff \"${PODS_PODFILE_DIR_PATH}/Podfile.lock\" \"${PODS_ROOT}/Manifest.lock\" > /dev/null\nif [ $? != 0 ] ; then\n    # print error to STDERR\n    echo \"error: The sandbox is not in sync with the Podfile.lock. Run 'pod install' or update your CocoaPods installation.\" >&2\n    exit 1\nfi\n# This output is used by Xcode 'outputs' to avoid re-running this script phase.\necho \"SUCCESS\" > \"${SCRIPT_OUTPUT_FILE_0}\"\n";
			showEnvVarsInLog = 0;
		};
		72428EF9432BB57944E25598 /* [CP] Check Pods Manifest.lock */ = {
			isa = PBXShellScriptBuildPhase;
			buildActionMask = 2147483647;
			files = (
			);
			inputFileListPaths = (
			);
			inputPaths = (
				"${PODS_PODFILE_DIR_PATH}/Podfile.lock",
				"${PODS_ROOT}/Manifest.lock",
			);
			name = "[CP] Check Pods Manifest.lock";
			outputFileListPaths = (
			);
			outputPaths = (
				"$(DERIVED_FILE_DIR)/Pods-CarbonTask-CarbonTaskUITests-checkManifestLockResult.txt",
			);
			runOnlyForDeploymentPostprocessing = 0;
			shellPath = /bin/sh;
			shellScript = "diff \"${PODS_PODFILE_DIR_PATH}/Podfile.lock\" \"${PODS_ROOT}/Manifest.lock\" > /dev/null\nif [ $? != 0 ] ; then\n    # print error to STDERR\n    echo \"error: The sandbox is not in sync with the Podfile.lock. Run 'pod install' or update your CocoaPods installation.\" >&2\n    exit 1\nfi\n# This output is used by Xcode 'outputs' to avoid re-running this script phase.\necho \"SUCCESS\" > \"${SCRIPT_OUTPUT_FILE_0}\"\n";
			showEnvVarsInLog = 0;
		};
/* End PBXShellScriptBuildPhase section */

/* Begin PBXSourcesBuildPhase section */
		B4F66DF227BEE45600384308 /* Sources */ = {
			isa = PBXSourcesBuildPhase;
			buildActionMask = 2147483647;
			files = (
				B4E2EB9327C1389D00D628F3 /* AllBatmanMoviesViewModel.swift in Sources */,
				B4E2EB8827C0E41A00D628F3 /* BaseTabBarController.swift in Sources */,
				B4F66DFE27BEE45600384308 /* ViewController.swift in Sources */,
				B4E2EB8627C04C0B00D628F3 /* Service.swift in Sources */,
				B4F66E3F27BF187C00384308 /* VerticalStackView.swift in Sources */,
				B4E2EB8A27C0EA6400D628F3 /* AppColorsConstants.swift in Sources */,
				B4F66DFA27BEE45600384308 /* AppDelegate.swift in Sources */,
				B4E2EB8D27C0EFD600D628F3 /* MoviesSearchViewController.swift in Sources */,
				B4F66E2E27BEF1AD00384308 /* ApiManager.swift in Sources */,
				B4F66E2B27BEEA5D00384308 /* Movie.swift in Sources */,
				B4F66E3E27BF187C00384308 /* UIView+Layout.swift in Sources */,
				B4F66DFC27BEE45600384308 /* SceneDelegate.swift in Sources */,
				B4F66E3227BF0BFE00384308 /* MoviesViewController.swift in Sources */,
				B4F66E4027BF187C00384308 /* LayoutConstraint.swift in Sources */,
				B4F66E3D27BF187C00384308 /* UIImage+Extensions.swift in Sources */,
				B4F66E3C27BF187C00384308 /* UIImageView+Extensions.swift in Sources */,
				B4E2EB9027C11C9F00D628F3 /* NetworkConstants.swift in Sources */,
				B4F66E3427BF14C000384308 /* MoviesCollectionViewCell.swift in Sources */,
			);
			runOnlyForDeploymentPostprocessing = 0;
		};
		B4F66E0827BEE45800384308 /* Sources */ = {
			isa = PBXSourcesBuildPhase;
			buildActionMask = 2147483647;
			files = (
				B4F66E1127BEE45800384308 /* CarbonTaskTests.swift in Sources */,
			);
			runOnlyForDeploymentPostprocessing = 0;
		};
		B4F66E1227BEE45800384308 /* Sources */ = {
			isa = PBXSourcesBuildPhase;
			buildActionMask = 2147483647;
			files = (
				B4F66E1D27BEE45800384308 /* CarbonTaskUITestsLaunchTests.swift in Sources */,
				B4F66E1B27BEE45800384308 /* CarbonTaskUITests.swift in Sources */,
			);
			runOnlyForDeploymentPostprocessing = 0;
		};
/* End PBXSourcesBuildPhase section */

/* Begin PBXTargetDependency section */
		B4F66E0E27BEE45800384308 /* PBXTargetDependency */ = {
			isa = PBXTargetDependency;
			target = B4F66DF527BEE45600384308 /* CarbonTask */;
			targetProxy = B4F66E0D27BEE45800384308 /* PBXContainerItemProxy */;
		};
		B4F66E1827BEE45800384308 /* PBXTargetDependency */ = {
			isa = PBXTargetDependency;
			target = B4F66DF527BEE45600384308 /* CarbonTask */;
			targetProxy = B4F66E1727BEE45800384308 /* PBXContainerItemProxy */;
		};
/* End PBXTargetDependency section */

/* Begin PBXVariantGroup section */
		B4F66DFF27BEE45600384308 /* Main.storyboard */ = {
			isa = PBXVariantGroup;
			children = (
				B4F66E0027BEE45600384308 /* Base */,
			);
			name = Main.storyboard;
			sourceTree = "<group>";
		};
		B4F66E0427BEE45800384308 /* LaunchScreen.storyboard */ = {
			isa = PBXVariantGroup;
			children = (
				B4F66E0527BEE45800384308 /* Base */,
			);
			name = LaunchScreen.storyboard;
			sourceTree = "<group>";
		};
/* End PBXVariantGroup section */

/* Begin XCBuildConfiguration section */
		B4F66E1E27BEE45800384308 /* Debug */ = {
			isa = XCBuildConfiguration;
			buildSettings = {
				ALWAYS_SEARCH_USER_PATHS = NO;
				CLANG_ANALYZER_NONNULL = YES;
				CLANG_ANALYZER_NUMBER_OBJECT_CONVERSION = YES_AGGRESSIVE;
				CLANG_CXX_LANGUAGE_STANDARD = "gnu++17";
				CLANG_CXX_LIBRARY = "libc++";
				CLANG_ENABLE_MODULES = YES;
				CLANG_ENABLE_OBJC_ARC = YES;
				CLANG_ENABLE_OBJC_WEAK = YES;
				CLANG_WARN_BLOCK_CAPTURE_AUTORELEASING = YES;
				CLANG_WARN_BOOL_CONVERSION = YES;
				CLANG_WARN_COMMA = YES;
				CLANG_WARN_CONSTANT_CONVERSION = YES;
				CLANG_WARN_DEPRECATED_OBJC_IMPLEMENTATIONS = YES;
				CLANG_WARN_DIRECT_OBJC_ISA_USAGE = YES_ERROR;
				CLANG_WARN_DOCUMENTATION_COMMENTS = YES;
				CLANG_WARN_EMPTY_BODY = YES;
				CLANG_WARN_ENUM_CONVERSION = YES;
				CLANG_WARN_INFINITE_RECURSION = YES;
				CLANG_WARN_INT_CONVERSION = YES;
				CLANG_WARN_NON_LITERAL_NULL_CONVERSION = YES;
				CLANG_WARN_OBJC_IMPLICIT_RETAIN_SELF = YES;
				CLANG_WARN_OBJC_LITERAL_CONVERSION = YES;
				CLANG_WARN_OBJC_ROOT_CLASS = YES_ERROR;
				CLANG_WARN_QUOTED_INCLUDE_IN_FRAMEWORK_HEADER = YES;
				CLANG_WARN_RANGE_LOOP_ANALYSIS = YES;
				CLANG_WARN_STRICT_PROTOTYPES = YES;
				CLANG_WARN_SUSPICIOUS_MOVE = YES;
				CLANG_WARN_UNGUARDED_AVAILABILITY = YES_AGGRESSIVE;
				CLANG_WARN_UNREACHABLE_CODE = YES;
				CLANG_WARN__DUPLICATE_METHOD_MATCH = YES;
				COPY_PHASE_STRIP = NO;
				DEBUG_INFORMATION_FORMAT = dwarf;
				ENABLE_STRICT_OBJC_MSGSEND = YES;
				ENABLE_TESTABILITY = YES;
				GCC_C_LANGUAGE_STANDARD = gnu11;
				GCC_DYNAMIC_NO_PIC = NO;
				GCC_NO_COMMON_BLOCKS = YES;
				GCC_OPTIMIZATION_LEVEL = 0;
				GCC_PREPROCESSOR_DEFINITIONS = (
					"DEBUG=1",
					"$(inherited)",
				);
				GCC_WARN_64_TO_32_BIT_CONVERSION = YES;
				GCC_WARN_ABOUT_RETURN_TYPE = YES_ERROR;
				GCC_WARN_UNDECLARED_SELECTOR = YES;
				GCC_WARN_UNINITIALIZED_AUTOS = YES_AGGRESSIVE;
				GCC_WARN_UNUSED_FUNCTION = YES;
				GCC_WARN_UNUSED_VARIABLE = YES;
				IPHONEOS_DEPLOYMENT_TARGET = 15.0;
				MTL_ENABLE_DEBUG_INFO = INCLUDE_SOURCE;
				MTL_FAST_MATH = YES;
				ONLY_ACTIVE_ARCH = YES;
				SDKROOT = iphoneos;
				SWIFT_ACTIVE_COMPILATION_CONDITIONS = DEBUG;
				SWIFT_OPTIMIZATION_LEVEL = "-Onone";
			};
			name = Debug;
		};
		B4F66E1F27BEE45800384308 /* Release */ = {
			isa = XCBuildConfiguration;
			buildSettings = {
				ALWAYS_SEARCH_USER_PATHS = NO;
				CLANG_ANALYZER_NONNULL = YES;
				CLANG_ANALYZER_NUMBER_OBJECT_CONVERSION = YES_AGGRESSIVE;
				CLANG_CXX_LANGUAGE_STANDARD = "gnu++17";
				CLANG_CXX_LIBRARY = "libc++";
				CLANG_ENABLE_MODULES = YES;
				CLANG_ENABLE_OBJC_ARC = YES;
				CLANG_ENABLE_OBJC_WEAK = YES;
				CLANG_WARN_BLOCK_CAPTURE_AUTORELEASING = YES;
				CLANG_WARN_BOOL_CONVERSION = YES;
				CLANG_WARN_COMMA = YES;
				CLANG_WARN_CONSTANT_CONVERSION = YES;
				CLANG_WARN_DEPRECATED_OBJC_IMPLEMENTATIONS = YES;
				CLANG_WARN_DIRECT_OBJC_ISA_USAGE = YES_ERROR;
				CLANG_WARN_DOCUMENTATION_COMMENTS = YES;
				CLANG_WARN_EMPTY_BODY = YES;
				CLANG_WARN_ENUM_CONVERSION = YES;
				CLANG_WARN_INFINITE_RECURSION = YES;
				CLANG_WARN_INT_CONVERSION = YES;
				CLANG_WARN_NON_LITERAL_NULL_CONVERSION = YES;
				CLANG_WARN_OBJC_IMPLICIT_RETAIN_SELF = YES;
				CLANG_WARN_OBJC_LITERAL_CONVERSION = YES;
				CLANG_WARN_OBJC_ROOT_CLASS = YES_ERROR;
				CLANG_WARN_QUOTED_INCLUDE_IN_FRAMEWORK_HEADER = YES;
				CLANG_WARN_RANGE_LOOP_ANALYSIS = YES;
				CLANG_WARN_STRICT_PROTOTYPES = YES;
				CLANG_WARN_SUSPICIOUS_MOVE = YES;
				CLANG_WARN_UNGUARDED_AVAILABILITY = YES_AGGRESSIVE;
				CLANG_WARN_UNREACHABLE_CODE = YES;
				CLANG_WARN__DUPLICATE_METHOD_MATCH = YES;
				COPY_PHASE_STRIP = NO;
				DEBUG_INFORMATION_FORMAT = "dwarf-with-dsym";
				ENABLE_NS_ASSERTIONS = NO;
				ENABLE_STRICT_OBJC_MSGSEND = YES;
				GCC_C_LANGUAGE_STANDARD = gnu11;
				GCC_NO_COMMON_BLOCKS = YES;
				GCC_WARN_64_TO_32_BIT_CONVERSION = YES;
				GCC_WARN_ABOUT_RETURN_TYPE = YES_ERROR;
				GCC_WARN_UNDECLARED_SELECTOR = YES;
				GCC_WARN_UNINITIALIZED_AUTOS = YES_AGGRESSIVE;
				GCC_WARN_UNUSED_FUNCTION = YES;
				GCC_WARN_UNUSED_VARIABLE = YES;
				IPHONEOS_DEPLOYMENT_TARGET = 15.0;
				MTL_ENABLE_DEBUG_INFO = NO;
				MTL_FAST_MATH = YES;
				SDKROOT = iphoneos;
				SWIFT_COMPILATION_MODE = wholemodule;
				SWIFT_OPTIMIZATION_LEVEL = "-O";
				VALIDATE_PRODUCT = YES;
			};
			name = Release;
		};
		B4F66E2127BEE45800384308 /* Debug */ = {
			isa = XCBuildConfiguration;
			baseConfigurationReference = C3839B947373F0132E7E62BF /* Pods-CarbonTask.debug.xcconfig */;
			buildSettings = {
				ASSETCATALOG_COMPILER_APPICON_NAME = AppIcon;
				ASSETCATALOG_COMPILER_GLOBAL_ACCENT_COLOR_NAME = AccentColor;
				CODE_SIGN_STYLE = Automatic;
				CURRENT_PROJECT_VERSION = 1;
				DEVELOPMENT_TEAM = 6CJ98NSPAD;
				GENERATE_INFOPLIST_FILE = YES;
				INFOPLIST_FILE = CarbonTask/Info.plist;
				INFOPLIST_KEY_UIApplicationSupportsIndirectInputEvents = YES;
				INFOPLIST_KEY_UILaunchStoryboardName = LaunchScreen;
				INFOPLIST_KEY_UIMainStoryboardFile = Main;
				INFOPLIST_KEY_UISupportedInterfaceOrientations_iPad = "UIInterfaceOrientationPortrait UIInterfaceOrientationPortraitUpsideDown UIInterfaceOrientationLandscapeLeft UIInterfaceOrientationLandscapeRight";
				INFOPLIST_KEY_UISupportedInterfaceOrientations_iPhone = "UIInterfaceOrientationPortrait UIInterfaceOrientationLandscapeLeft UIInterfaceOrientationLandscapeRight";
				LD_RUNPATH_SEARCH_PATHS = (
					"$(inherited)",
					"@executable_path/Frameworks",
				);
				MARKETING_VERSION = 1.0;
				PRODUCT_BUNDLE_IDENTIFIER = com.macmartins.CarbonTask;
				PRODUCT_NAME = "$(TARGET_NAME)";
				SWIFT_EMIT_LOC_STRINGS = YES;
				SWIFT_VERSION = 5.0;
				TARGETED_DEVICE_FAMILY = "1,2";
			};
			name = Debug;
		};
		B4F66E2227BEE45800384308 /* Release */ = {
			isa = XCBuildConfiguration;
			baseConfigurationReference = D51F4CCD4B72301B0E9CF0C4 /* Pods-CarbonTask.release.xcconfig */;
			buildSettings = {
				ASSETCATALOG_COMPILER_APPICON_NAME = AppIcon;
				ASSETCATALOG_COMPILER_GLOBAL_ACCENT_COLOR_NAME = AccentColor;
				CODE_SIGN_STYLE = Automatic;
				CURRENT_PROJECT_VERSION = 1;
				DEVELOPMENT_TEAM = 6CJ98NSPAD;
				GENERATE_INFOPLIST_FILE = YES;
				INFOPLIST_FILE = CarbonTask/Info.plist;
				INFOPLIST_KEY_UIApplicationSupportsIndirectInputEvents = YES;
				INFOPLIST_KEY_UILaunchStoryboardName = LaunchScreen;
				INFOPLIST_KEY_UIMainStoryboardFile = Main;
				INFOPLIST_KEY_UISupportedInterfaceOrientations_iPad = "UIInterfaceOrientationPortrait UIInterfaceOrientationPortraitUpsideDown UIInterfaceOrientationLandscapeLeft UIInterfaceOrientationLandscapeRight";
				INFOPLIST_KEY_UISupportedInterfaceOrientations_iPhone = "UIInterfaceOrientationPortrait UIInterfaceOrientationLandscapeLeft UIInterfaceOrientationLandscapeRight";
				LD_RUNPATH_SEARCH_PATHS = (
					"$(inherited)",
					"@executable_path/Frameworks",
				);
				MARKETING_VERSION = 1.0;
				PRODUCT_BUNDLE_IDENTIFIER = com.macmartins.CarbonTask;
				PRODUCT_NAME = "$(TARGET_NAME)";
				SWIFT_EMIT_LOC_STRINGS = YES;
				SWIFT_VERSION = 5.0;
				TARGETED_DEVICE_FAMILY = "1,2";
			};
			name = Release;
		};
		B4F66E2427BEE45800384308 /* Debug */ = {
			isa = XCBuildConfiguration;
			baseConfigurationReference = FF9896CD111C30189B585AA0 /* Pods-CarbonTaskTests.debug.xcconfig */;
			buildSettings = {
				ALWAYS_EMBED_SWIFT_STANDARD_LIBRARIES = YES;
				BUNDLE_LOADER = "$(TEST_HOST)";
				CODE_SIGN_STYLE = Automatic;
				CURRENT_PROJECT_VERSION = 1;
				DEVELOPMENT_TEAM = 6CJ98NSPAD;
				GENERATE_INFOPLIST_FILE = YES;
				IPHONEOS_DEPLOYMENT_TARGET = 15.0;
				LD_RUNPATH_SEARCH_PATHS = (
					"$(inherited)",
					"@executable_path/Frameworks",
					"@loader_path/Frameworks",
				);
				MARKETING_VERSION = 1.0;
				PRODUCT_BUNDLE_IDENTIFIER = com.macmartins.CarbonTaskTests;
				PRODUCT_NAME = "$(TARGET_NAME)";
				SWIFT_EMIT_LOC_STRINGS = NO;
				SWIFT_VERSION = 5.0;
				TARGETED_DEVICE_FAMILY = "1,2";
				TEST_HOST = "$(BUILT_PRODUCTS_DIR)/CarbonTask.app/CarbonTask";
			};
			name = Debug;
		};
		B4F66E2527BEE45800384308 /* Release */ = {
			isa = XCBuildConfiguration;
			baseConfigurationReference = 6C8BDCA9CFC64C7CB7C3E66E /* Pods-CarbonTaskTests.release.xcconfig */;
			buildSettings = {
				ALWAYS_EMBED_SWIFT_STANDARD_LIBRARIES = YES;
				BUNDLE_LOADER = "$(TEST_HOST)";
				CODE_SIGN_STYLE = Automatic;
				CURRENT_PROJECT_VERSION = 1;
				DEVELOPMENT_TEAM = 6CJ98NSPAD;
				GENERATE_INFOPLIST_FILE = YES;
				IPHONEOS_DEPLOYMENT_TARGET = 15.0;
				LD_RUNPATH_SEARCH_PATHS = (
					"$(inherited)",
					"@executable_path/Frameworks",
					"@loader_path/Frameworks",
				);
				MARKETING_VERSION = 1.0;
				PRODUCT_BUNDLE_IDENTIFIER = com.macmartins.CarbonTaskTests;
				PRODUCT_NAME = "$(TARGET_NAME)";
				SWIFT_EMIT_LOC_STRINGS = NO;
				SWIFT_VERSION = 5.0;
				TARGETED_DEVICE_FAMILY = "1,2";
				TEST_HOST = "$(BUILT_PRODUCTS_DIR)/CarbonTask.app/CarbonTask";
			};
			name = Release;
		};
		B4F66E2727BEE45800384308 /* Debug */ = {
			isa = XCBuildConfiguration;
			baseConfigurationReference = D40B68B04F13B0EC70BBF9A8 /* Pods-CarbonTask-CarbonTaskUITests.debug.xcconfig */;
			buildSettings = {
				ALWAYS_EMBED_SWIFT_STANDARD_LIBRARIES = YES;
				CODE_SIGN_STYLE = Automatic;
				CURRENT_PROJECT_VERSION = 1;
				DEVELOPMENT_TEAM = 6CJ98NSPAD;
				GENERATE_INFOPLIST_FILE = YES;
				LD_RUNPATH_SEARCH_PATHS = (
					"$(inherited)",
					"@executable_path/Frameworks",
					"@loader_path/Frameworks",
				);
				MARKETING_VERSION = 1.0;
				PRODUCT_BUNDLE_IDENTIFIER = com.macmartins.CarbonTaskUITests;
				PRODUCT_NAME = "$(TARGET_NAME)";
				SWIFT_EMIT_LOC_STRINGS = NO;
				SWIFT_VERSION = 5.0;
				TARGETED_DEVICE_FAMILY = "1,2";
				TEST_TARGET_NAME = CarbonTask;
			};
			name = Debug;
		};
		B4F66E2827BEE45800384308 /* Release */ = {
			isa = XCBuildConfiguration;
			baseConfigurationReference = F2B8276FC165072BE997709D /* Pods-CarbonTask-CarbonTaskUITests.release.xcconfig */;
			buildSettings = {
				ALWAYS_EMBED_SWIFT_STANDARD_LIBRARIES = YES;
				CODE_SIGN_STYLE = Automatic;
				CURRENT_PROJECT_VERSION = 1;
				DEVELOPMENT_TEAM = 6CJ98NSPAD;
				GENERATE_INFOPLIST_FILE = YES;
				LD_RUNPATH_SEARCH_PATHS = (
					"$(inherited)",
					"@executable_path/Frameworks",
					"@loader_path/Frameworks",
				);
				MARKETING_VERSION = 1.0;
				PRODUCT_BUNDLE_IDENTIFIER = com.macmartins.CarbonTaskUITests;
				PRODUCT_NAME = "$(TARGET_NAME)";
				SWIFT_EMIT_LOC_STRINGS = NO;
				SWIFT_VERSION = 5.0;
				TARGETED_DEVICE_FAMILY = "1,2";
				TEST_TARGET_NAME = CarbonTask;
			};
			name = Release;
		};
/* End XCBuildConfiguration section */

/* Begin XCConfigurationList section */
		B4F66DF127BEE45600384308 /* Build configuration list for PBXProject "CarbonTask" */ = {
			isa = XCConfigurationList;
			buildConfigurations = (
				B4F66E1E27BEE45800384308 /* Debug */,
				B4F66E1F27BEE45800384308 /* Release */,
			);
			defaultConfigurationIsVisible = 0;
			defaultConfigurationName = Release;
		};
		B4F66E2027BEE45800384308 /* Build configuration list for PBXNativeTarget "CarbonTask" */ = {
			isa = XCConfigurationList;
			buildConfigurations = (
				B4F66E2127BEE45800384308 /* Debug */,
				B4F66E2227BEE45800384308 /* Release */,
			);
			defaultConfigurationIsVisible = 0;
			defaultConfigurationName = Release;
		};
		B4F66E2327BEE45800384308 /* Build configuration list for PBXNativeTarget "CarbonTaskTests" */ = {
			isa = XCConfigurationList;
			buildConfigurations = (
				B4F66E2427BEE45800384308 /* Debug */,
				B4F66E2527BEE45800384308 /* Release */,
			);
			defaultConfigurationIsVisible = 0;
			defaultConfigurationName = Release;
		};
		B4F66E2627BEE45800384308 /* Build configuration list for PBXNativeTarget "CarbonTaskUITests" */ = {
			isa = XCConfigurationList;
			buildConfigurations = (
				B4F66E2727BEE45800384308 /* Debug */,
				B4F66E2827BEE45800384308 /* Release */,
			);
			defaultConfigurationIsVisible = 0;
			defaultConfigurationName = Release;
		};
/* End XCConfigurationList section */
	};
	rootObject = B4F66DEE27BEE45600384308 /* Project object */;
}
